
Microsoft Visual Studio Solution File, Format Version 12.00
# Visual Studio Version 17
VisualStudioVersion = 17.5.33516.290
MinimumVisualStudioVersion = 10.0.40219.1
Project("{FAE04EC0-301F-11D3-BF4B-00C04F79EFBC}") = "TextProcessingTests", "TextProcessingTests\TextProcessingTests.csproj", "{A7A621A2-9FCE-4817-91C7-8D572FB7F1E4}"
EndProject
Project("{FAE04EC0-301F-11D3-BF4B-00C04F79EFBC}") = "TestProcessing", "TestProcessing\TestProcessing.csproj", "{B02DBBDC-7467-4DEA-A110-00749A1EB0DC}"
EndProject
Global
	GlobalSection(SolutionConfigurationPlatforms) = preSolution
		Debug|Any CPU = Debug|Any CPU
		Release|Any CPU = Release|Any CPU
	EndGlobalSection
	GlobalSection(ProjectConfigurationPlatforms) = postSolution
		{A7A621A2-9FCE-4817-91C7-8D572FB7F1E4}.Debug|Any CPU.ActiveCfg = Debug|Any CPU
		{A7A621A2-9FCE-4817-91C7-8D572FB7F1E4}.Debug|Any CPU.Build.0 = Debug|Any CPU
		{A7A621A2-9FCE-4817-91C7-8D572FB7F1E4}.Release|Any CPU.ActiveCfg = Release|Any CPU
		{A7A621A2-9FCE-4817-91C7-8D572FB7F1E4}.Release|Any CPU.Build.0 = Release|Any CPU
		{B02DBBDC-7467-4DEA-A110-00749A1EB0DC}.Debug|Any CPU.ActiveCfg = Debug|Any CPU
		{B02DBBDC-7467-4DEA-A110-00749A1EB0DC}.Debug|Any CPU.Build.0 = Debug|Any CPU
		{B02DBBDC-7467-4DEA-A110-00749A1EB0DC}.Release|Any CPU.ActiveCfg = Release|Any CPU
		{B02DBBDC-7467-4DEA-A110-00749A1EB0DC}.Release|Any CPU.Build.0 = Release|Any CPU
	EndGlobalSection
	GlobalSection(SolutionProperties) = preSolution
		HideSolutionNode = FALSE
	EndGlobalSection
	GlobalSection(ExtensibilityGlobals) = postSolution
		SolutionGuid = {E85C34F6-E36D-4930-B6FE-383C25DBFB0A}
	EndGlobalSection
EndGlobal
